{
  "name": "HousingApp",
  "lockfileVersion": 3,
  "requires": true,
  "packages": {
    "": {
      "dependencies": {
        "@types/file-saver": "^2.0.6",
        "git": "^0.1.5"
      }
    },
    "node_modules/@types/file-saver": {
      "version": "2.0.6",
      "resolved": "https://registry.npmjs.org/@types/file-saver/-/file-saver-2.0.6.tgz",
      "integrity": "sha512-Mw671DVqoMHbjw0w4v2iiOro01dlT/WhWp5uwecBa0Wg8c+bcZOjgF1ndBnlaxhtvFCgTRBtsGivSVhrK/vnag=="
    },
    "node_modules/git": {
      "version": "0.1.5",
      "resolved": "https://registry.npmjs.org/git/-/git-0.1.5.tgz",
      "integrity": "sha512-N+bfOrXyKMU/fQtCj6D/U9MQOEN0DAA8TLHSLdUQRSWBOkeRvsjJHdrdkvcq05xO7GSDKWc3nDEGoTZ4DfCCSg==",
      "dependencies": {
        "mime": "1.2.9"
      },
      "engines": {
        "node": ">=0.4.0"
      }
    },
    "node_modules/mime": {
      "version": "1.2.9",
      "resolved": "https://registry.npmjs.org/mime/-/mime-1.2.9.tgz",
      "integrity": "sha512-WiLgbHTIq5AYUvU/Luli4mZ1bUcHpGNHyCsbl+KPMg4zt+XUDpQehWjuBjdLaEvDTinvKj/FgfQt3fPoT7j08g=="
    }
  }
}
